// !$*UTF8*$!
{
	archiveVersion = 1;
	classes = {
	};
	objectVersion = 51;
	objects = {

/* Begin PBXBuildFile section */
		18F172A8250C680E0090FDCC /* HomeViewController.swift in Sources */ = {isa = PBXBuildFile; fileRef = 18F172A7250C680E0090FDCC /* HomeViewController.swift */; };
		18F172AA250C687F0090FDCC /* HomeViewModel.swift in Sources */ = {isa = PBXBuildFile; fileRef = 18F172A9250C687F0090FDCC /* HomeViewModel.swift */; };
		18F172AC250C6D190090FDCC /* TextTableViewCell.swift in Sources */ = {isa = PBXBuildFile; fileRef = 18F172AB250C6D190090FDCC /* TextTableViewCell.swift */; };
		18F172AE250C86890090FDCC /* PaddingLabel.swift in Sources */ = {isa = PBXBuildFile; fileRef = 18F172AD250C86890090FDCC /* PaddingLabel.swift */; };
		227250972123A4F486C1D923 /* Pods_TheSelector_TheSelectorUITests.framework in Frameworks */ = {isa = PBXBuildFile; fileRef = 2D6D6E4AD3CAA8A87D83A374 /* Pods_TheSelector_TheSelectorUITests.framework */; };
		62AED022AAABF843BE48094C /* Pods_TheSelectorTests.framework in Frameworks */ = {isa = PBXBuildFile; fileRef = 338ADB4FEF4204FC8C4ADF27 /* Pods_TheSelectorTests.framework */; };
		9D44BDCC250B8A200015A26B /* AppDelegate.swift in Sources */ = {isa = PBXBuildFile; fileRef = 9D44BDCB250B8A200015A26B /* AppDelegate.swift */; };
		9D44BDCE250B8A200015A26B /* SceneDelegate.swift in Sources */ = {isa = PBXBuildFile; fileRef = 9D44BDCD250B8A200015A26B /* SceneDelegate.swift */; };
		9D44BDD3250B8A200015A26B /* Main.storyboard in Resources */ = {isa = PBXBuildFile; fileRef = 9D44BDD1250B8A200015A26B /* Main.storyboard */; };
		9D44BDD5250B8A230015A26B /* Assets.xcassets in Resources */ = {isa = PBXBuildFile; fileRef = 9D44BDD4250B8A230015A26B /* Assets.xcassets */; };
		9D44BDD8250B8A230015A26B /* LaunchScreen.storyboard in Resources */ = {isa = PBXBuildFile; fileRef = 9D44BDD6250B8A230015A26B /* LaunchScreen.storyboard */; };
		9D44BDE3250B8A230015A26B /* TheSelectorTests.swift in Sources */ = {isa = PBXBuildFile; fileRef = 9D44BDE2250B8A230015A26B /* TheSelectorTests.swift */; };
		9D44BDEE250B8A230015A26B /* TheSelectorUITests.swift in Sources */ = {isa = PBXBuildFile; fileRef = 9D44BDED250B8A230015A26B /* TheSelectorUITests.swift */; };
		F083F8BCF41650E4370E963E /* Pods_TheSelector.framework in Frameworks */ = {isa = PBXBuildFile; fileRef = 07837A3F8EB758BEE8E33A7F /* Pods_TheSelector.framework */; };
/* End PBXBuildFile section */

/* Begin PBXContainerItemProxy section */
		9D44BDDF250B8A230015A26B /* PBXContainerItemProxy */ = {
			isa = PBXContainerItemProxy;
			containerPortal = 9D44BDC0250B8A200015A26B /* Project object */;
			proxyType = 1;
			remoteGlobalIDString = 9D44BDC7250B8A200015A26B;
			remoteInfo = TheSelector;
		};
		9D44BDEA250B8A230015A26B /* PBXContainerItemProxy */ = {
			isa = PBXContainerItemProxy;
			containerPortal = 9D44BDC0250B8A200015A26B /* Project object */;
			proxyType = 1;
			remoteGlobalIDString = 9D44BDC7250B8A200015A26B;
			remoteInfo = TheSelector;
		};
/* End PBXContainerItemProxy section */

/* Begin PBXFileReference section */
		03DFB25F5E1962D356F90401 /* Pods-TheSelectorTests.release.xcconfig */ = {isa = PBXFileReference; includeInIndex = 1; lastKnownFileType = text.xcconfig; name = "Pods-TheSelectorTests.release.xcconfig"; path = "Target Support Files/Pods-TheSelectorTests/Pods-TheSelectorTests.release.xcconfig"; sourceTree = "<group>"; };
		07837A3F8EB758BEE8E33A7F /* Pods_TheSelector.framework */ = {isa = PBXFileReference; explicitFileType = wrapper.framework; includeInIndex = 0; path = Pods_TheSelector.framework; sourceTree = BUILT_PRODUCTS_DIR; };
		18F172A7250C680E0090FDCC /* HomeViewController.swift */ = {isa = PBXFileReference; lastKnownFileType = sourcecode.swift; path = HomeViewController.swift; sourceTree = "<group>"; };
		18F172A9250C687F0090FDCC /* HomeViewModel.swift */ = {isa = PBXFileReference; lastKnownFileType = sourcecode.swift; path = HomeViewModel.swift; sourceTree = "<group>"; };
		18F172AB250C6D190090FDCC /* TextTableViewCell.swift */ = {isa = PBXFileReference; lastKnownFileType = sourcecode.swift; path = TextTableViewCell.swift; sourceTree = "<group>"; };
		18F172AD250C86890090FDCC /* PaddingLabel.swift */ = {isa = PBXFileReference; fileEncoding = 4; lastKnownFileType = sourcecode.swift; path = PaddingLabel.swift; sourceTree = "<group>"; };
		2D6D6E4AD3CAA8A87D83A374 /* Pods_TheSelector_TheSelectorUITests.framework */ = {isa = PBXFileReference; explicitFileType = wrapper.framework; includeInIndex = 0; path = Pods_TheSelector_TheSelectorUITests.framework; sourceTree = BUILT_PRODUCTS_DIR; };
		314969BD2317634082FC8FFE /* Pods-TheSelector-TheSelectorUITests.release.xcconfig */ = {isa = PBXFileReference; includeInIndex = 1; lastKnownFileType = text.xcconfig; name = "Pods-TheSelector-TheSelectorUITests.release.xcconfig"; path = "Target Support Files/Pods-TheSelector-TheSelectorUITests/Pods-TheSelector-TheSelectorUITests.release.xcconfig"; sourceTree = "<group>"; };
		338ADB4FEF4204FC8C4ADF27 /* Pods_TheSelectorTests.framework */ = {isa = PBXFileReference; explicitFileType = wrapper.framework; includeInIndex = 0; path = Pods_TheSelectorTests.framework; sourceTree = BUILT_PRODUCTS_DIR; };
		4888DB4D9DFEB8A67352DCF7 /* Pods-TheSelector.release.xcconfig */ = {isa = PBXFileReference; includeInIndex = 1; lastKnownFileType = text.xcconfig; name = "Pods-TheSelector.release.xcconfig"; path = "Target Support Files/Pods-TheSelector/Pods-TheSelector.release.xcconfig"; sourceTree = "<group>"; };
		70FE54D0169DE27849B4A52C /* Pods-TheSelector.debug.xcconfig */ = {isa = PBXFileReference; includeInIndex = 1; lastKnownFileType = text.xcconfig; name = "Pods-TheSelector.debug.xcconfig"; path = "Target Support Files/Pods-TheSelector/Pods-TheSelector.debug.xcconfig"; sourceTree = "<group>"; };
		9D44BDC8250B8A200015A26B /* TheSelector.app */ = {isa = PBXFileReference; explicitFileType = wrapper.application; includeInIndex = 0; path = TheSelector.app; sourceTree = BUILT_PRODUCTS_DIR; };
		9D44BDCB250B8A200015A26B /* AppDelegate.swift */ = {isa = PBXFileReference; lastKnownFileType = sourcecode.swift; path = AppDelegate.swift; sourceTree = "<group>"; };
		9D44BDCD250B8A200015A26B /* SceneDelegate.swift */ = {isa = PBXFileReference; lastKnownFileType = sourcecode.swift; path = SceneDelegate.swift; sourceTree = "<group>"; };
		9D44BDD2250B8A200015A26B /* Base */ = {isa = PBXFileReference; lastKnownFileType = file.storyboard; name = Base; path = Base.lproj/Main.storyboard; sourceTree = "<group>"; };
		9D44BDD4250B8A230015A26B /* Assets.xcassets */ = {isa = PBXFileReference; lastKnownFileType = folder.assetcatalog; path = Assets.xcassets; sourceTree = "<group>"; };
		9D44BDD7250B8A230015A26B /* Base */ = {isa = PBXFileReference; lastKnownFileType = file.storyboard; name = Base; path = Base.lproj/LaunchScreen.storyboard; sourceTree = "<group>"; };
		9D44BDD9250B8A230015A26B /* Info.plist */ = {isa = PBXFileReference; lastKnownFileType = text.plist.xml; path = Info.plist; sourceTree = "<group>"; };
		9D44BDDE250B8A230015A26B /* TheSelectorTests.xctest */ = {isa = PBXFileReference; explicitFileType = wrapper.cfbundle; includeInIndex = 0; path = TheSelectorTests.xctest; sourceTree = BUILT_PRODUCTS_DIR; };
		9D44BDE2250B8A230015A26B /* TheSelectorTests.swift */ = {isa = PBXFileReference; lastKnownFileType = sourcecode.swift; path = TheSelectorTests.swift; sourceTree = "<group>"; };
		9D44BDE4250B8A230015A26B /* Info.plist */ = {isa = PBXFileReference; lastKnownFileType = text.plist.xml; path = Info.plist; sourceTree = "<group>"; };
		9D44BDE9250B8A230015A26B /* TheSelectorUITests.xctest */ = {isa = PBXFileReference; explicitFileType = wrapper.cfbundle; includeInIndex = 0; path = TheSelectorUITests.xctest; sourceTree = BUILT_PRODUCTS_DIR; };
		9D44BDED250B8A230015A26B /* TheSelectorUITests.swift */ = {isa = PBXFileReference; lastKnownFileType = sourcecode.swift; path = TheSelectorUITests.swift; sourceTree = "<group>"; };
		9D44BDEF250B8A230015A26B /* Info.plist */ = {isa = PBXFileReference; lastKnownFileType = text.plist.xml; path = Info.plist; sourceTree = "<group>"; };
		FACF1420B79AC34FB8E624A2 /* Pods-TheSelector-TheSelectorUITests.debug.xcconfig */ = {isa = PBXFileReference; includeInIndex = 1; lastKnownFileType = text.xcconfig; name = "Pods-TheSelector-TheSelectorUITests.debug.xcconfig"; path = "Target Support Files/Pods-TheSelector-TheSelectorUITests/Pods-TheSelector-TheSelectorUITests.debug.xcconfig"; sourceTree = "<group>"; };
		FCF98F104F1BFFDBFFCE0AC2 /* Pods-TheSelectorTests.debug.xcconfig */ = {isa = PBXFileReference; includeInIndex = 1; lastKnownFileType = text.xcconfig; name = "Pods-TheSelectorTests.debug.xcconfig"; path = "Target Support Files/Pods-TheSelectorTests/Pods-TheSelectorTests.debug.xcconfig"; sourceTree = "<group>"; };
/* End PBXFileReference section */

/* Begin PBXFrameworksBuildPhase section */
		9D44BDC5250B8A200015A26B /* Frameworks */ = {
			isa = PBXFrameworksBuildPhase;
			buildActionMask = 2147483647;
			files = (
				F083F8BCF41650E4370E963E /* Pods_TheSelector.framework in Frameworks */,
			);
			runOnlyForDeploymentPostprocessing = 0;
		};
		9D44BDDB250B8A230015A26B /* Frameworks */ = {
			isa = PBXFrameworksBuildPhase;
			buildActionMask = 2147483647;
			files = (
				62AED022AAABF843BE48094C /* Pods_TheSelectorTests.framework in Frameworks */,
			);
			runOnlyForDeploymentPostprocessing = 0;
		};
		9D44BDE6250B8A230015A26B /* Frameworks */ = {
			isa = PBXFrameworksBuildPhase;
			buildActionMask = 2147483647;
			files = (
				227250972123A4F486C1D923 /* Pods_TheSelector_TheSelectorUITests.framework in Frameworks */,
			);
			runOnlyForDeploymentPostprocessing = 0;
		};
/* End PBXFrameworksBuildPhase section */

/* Begin PBXGroup section */
		3B825AD820CD181AB0F3E675 /* Frameworks */ = {
			isa = PBXGroup;
			children = (
				07837A3F8EB758BEE8E33A7F /* Pods_TheSelector.framework */,
				2D6D6E4AD3CAA8A87D83A374 /* Pods_TheSelector_TheSelectorUITests.framework */,
				338ADB4FEF4204FC8C4ADF27 /* Pods_TheSelectorTests.framework */,
			);
			name = Frameworks;
			sourceTree = "<group>";
		};
		7E60FB5B7CF3B1B3FE03B947 /* Pods */ = {
			isa = PBXGroup;
			children = (
				70FE54D0169DE27849B4A52C /* Pods-TheSelector.debug.xcconfig */,
				4888DB4D9DFEB8A67352DCF7 /* Pods-TheSelector.release.xcconfig */,
				FACF1420B79AC34FB8E624A2 /* Pods-TheSelector-TheSelectorUITests.debug.xcconfig */,
				314969BD2317634082FC8FFE /* Pods-TheSelector-TheSelectorUITests.release.xcconfig */,
				FCF98F104F1BFFDBFFCE0AC2 /* Pods-TheSelectorTests.debug.xcconfig */,
				03DFB25F5E1962D356F90401 /* Pods-TheSelectorTests.release.xcconfig */,
			);
			path = Pods;
			sourceTree = "<group>";
		};
		9D44BDBF250B8A200015A26B = {
			isa = PBXGroup;
			children = (
				9D44BDCA250B8A200015A26B /* TheSelector */,
				9D44BDE1250B8A230015A26B /* TheSelectorTests */,
				9D44BDEC250B8A230015A26B /* TheSelectorUITests */,
				9D44BDC9250B8A200015A26B /* Products */,
				7E60FB5B7CF3B1B3FE03B947 /* Pods */,
				3B825AD820CD181AB0F3E675 /* Frameworks */,
			);
			sourceTree = "<group>";
		};
		9D44BDC9250B8A200015A26B /* Products */ = {
			isa = PBXGroup;
			children = (
				9D44BDC8250B8A200015A26B /* TheSelector.app */,
				9D44BDDE250B8A230015A26B /* TheSelectorTests.xctest */,
				9D44BDE9250B8A230015A26B /* TheSelectorUITests.xctest */,
			);
			name = Products;
			sourceTree = "<group>";
		};
		9D44BDCA250B8A200015A26B /* TheSelector */ = {
			isa = PBXGroup;
			children = (
				9D44BDCB250B8A200015A26B /* AppDelegate.swift */,
				9D44BDCD250B8A200015A26B /* SceneDelegate.swift */,
				9D44BDD1250B8A200015A26B /* Main.storyboard */,
				9D44BDD4250B8A230015A26B /* Assets.xcassets */,
				9D44BDD6250B8A230015A26B /* LaunchScreen.storyboard */,
				9D44BDD9250B8A230015A26B /* Info.plist */,
				18F172A7250C680E0090FDCC /* HomeViewController.swift */,
				18F172A9250C687F0090FDCC /* HomeViewModel.swift */,
				18F172AB250C6D190090FDCC /* TextTableViewCell.swift */,
				18F172AD250C86890090FDCC /* PaddingLabel.swift */,
			);
			path = TheSelector;
			sourceTree = "<group>";
		};
		9D44BDE1250B8A230015A26B /* TheSelectorTests */ = {
			isa = PBXGroup;
			children = (
				9D44BDE2250B8A230015A26B /* TheSelectorTests.swift */,
				9D44BDE4250B8A230015A26B /* Info.plist */,
			);
			path = TheSelectorTests;
			sourceTree = "<group>";
		};
		9D44BDEC250B8A230015A26B /* TheSelectorUITests */ = {
			isa = PBXGroup;
			children = (
				9D44BDED250B8A230015A26B /* TheSelectorUITests.swift */,
				9D44BDEF250B8A230015A26B /* Info.plist */,
			);
			path = TheSelectorUITests;
			sourceTree = "<group>";
		};
/* End PBXGroup section */

/* Begin PBXNativeTarget section */
		9D44BDC7250B8A200015A26B /* TheSelector */ = {
			isa = PBXNativeTarget;
			buildConfigurationList = 9D44BDF2250B8A230015A26B /* Build configuration list for PBXNativeTarget "TheSelector" */;
			buildPhases = (
				6F8976195988961806C5A630 /* [CP] Check Pods Manifest.lock */,
				9D44BDC4250B8A200015A26B /* Sources */,
				9D44BDC5250B8A200015A26B /* Frameworks */,
				9D44BDC6250B8A200015A26B /* Resources */,
				EC524E33C9FC622FBED3DD02 /* [CP] Embed Pods Frameworks */,
			);
			buildRules = (
			);
			dependencies = (
			);
			name = TheSelector;
			productName = TheSelector;
			productReference = 9D44BDC8250B8A200015A26B /* TheSelector.app */;
			productType = "com.apple.product-type.application";
		};
		9D44BDDD250B8A230015A26B /* TheSelectorTests */ = {
			isa = PBXNativeTarget;
			buildConfigurationList = 9D44BDF5250B8A230015A26B /* Build configuration list for PBXNativeTarget "TheSelectorTests" */;
			buildPhases = (
				409C3D9F107A5C3ACB6F90D7 /* [CP] Check Pods Manifest.lock */,
				9D44BDDA250B8A230015A26B /* Sources */,
				9D44BDDB250B8A230015A26B /* Frameworks */,
				9D44BDDC250B8A230015A26B /* Resources */,
			);
			buildRules = (
			);
			dependencies = (
				9D44BDE0250B8A230015A26B /* PBXTargetDependency */,
			);
			name = TheSelectorTests;
			productName = TheSelectorTests;
			productReference = 9D44BDDE250B8A230015A26B /* TheSelectorTests.xctest */;
			productType = "com.apple.product-type.bundle.unit-test";
		};
		9D44BDE8250B8A230015A26B /* TheSelectorUITests */ = {
			isa = PBXNativeTarget;
			buildConfigurationList = 9D44BDF8250B8A230015A26B /* Build configuration list for PBXNativeTarget "TheSelectorUITests" */;
			buildPhases = (
				82AFDB54686F9C6D78F90128 /* [CP] Check Pods Manifest.lock */,
				9D44BDE5250B8A230015A26B /* Sources */,
				9D44BDE6250B8A230015A26B /* Frameworks */,
				9D44BDE7250B8A230015A26B /* Resources */,
				5774DAC515A97987A865EF64 /* [CP] Embed Pods Frameworks */,
			);
			buildRules = (
			);
			dependencies = (
				9D44BDEB250B8A230015A26B /* PBXTargetDependency */,
			);
			name = TheSelectorUITests;
			productName = TheSelectorUITests;
			productReference = 9D44BDE9250B8A230015A26B /* TheSelectorUITests.xctest */;
			productType = "com.apple.product-type.bundle.ui-testing";
		};
/* End PBXNativeTarget section */

/* Begin PBXProject section */
		9D44BDC0250B8A200015A26B /* Project object */ = {
			isa = PBXProject;
			attributes = {
				LastSwiftUpdateCheck = 1170;
				LastUpgradeCheck = 1170;
				ORGANIZATIONNAME = "Manu Puthoor";
				TargetAttributes = {
					9D44BDC7250B8A200015A26B = {
						CreatedOnToolsVersion = 11.7;
					};
					9D44BDDD250B8A230015A26B = {
						CreatedOnToolsVersion = 11.7;
						TestTargetID = 9D44BDC7250B8A200015A26B;
					};
					9D44BDE8250B8A230015A26B = {
						CreatedOnToolsVersion = 11.7;
						TestTargetID = 9D44BDC7250B8A200015A26B;
					};
				};
			};
			buildConfigurationList = 9D44BDC3250B8A200015A26B /* Build configuration list for PBXProject "TheSelector" */;
			compatibilityVersion = "Xcode 9.3";
			developmentRegion = en;
			hasScannedForEncodings = 0;
			knownRegions = (
				en,
				Base,
			);
			mainGroup = 9D44BDBF250B8A200015A26B;
			productRefGroup = 9D44BDC9250B8A200015A26B /* Products */;
			projectDirPath = "";
			projectRoot = "";
			targets = (
				9D44BDC7250B8A200015A26B /* TheSelector */,
				9D44BDDD250B8A230015A26B /* TheSelectorTests */,
				9D44BDE8250B8A230015A26B /* TheSelectorUITests */,
			);
		};
/* End PBXProject section */

/* Begin PBXResourcesBuildPhase section */
		9D44BDC6250B8A200015A26B /* Resources */ = {
			isa = PBXResourcesBuildPhase;
			buildActionMask = 2147483647;
			files = (
				9D44BDD8250B8A230015A26B /* LaunchScreen.storyboard in Resources */,
				9D44BDD5250B8A230015A26B /* Assets.xcassets in Resources */,
				9D44BDD3250B8A200015A26B /* Main.storyboard in Resources */,
			);
			runOnlyForDeploymentPostprocessing = 0;
		};
		9D44BDDC250B8A230015A26B /* Resources */ = {
			isa = PBXResourcesBuildPhase;
			buildActionMask = 2147483647;
			files = (
			);
			runOnlyForDeploymentPostprocessing = 0;
		};
		9D44BDE7250B8A230015A26B /* Resources */ = {
			isa = PBXResourcesBuildPhase;
			buildActionMask = 2147483647;
			files = (
			);
			runOnlyForDeploymentPostprocessing = 0;
		};
/* End PBXResourcesBuildPhase section */

/* Begin PBXShellScriptBuildPhase section */
		409C3D9F107A5C3ACB6F90D7 /* [CP] Check Pods Manifest.lock */ = {
			isa = PBXShellScriptBuildPhase;
			buildActionMask = 2147483647;
			files = (
			);
			inputFileListPaths = (
			);
			inputPaths = (
				"${PODS_PODFILE_DIR_PATH}/Podfile.lock",
				"${PODS_ROOT}/Manifest.lock",
			);
			name = "[CP] Check Pods Manifest.lock";
			outputFileListPaths = (
			);
			outputPaths = (
				"$(DERIVED_FILE_DIR)/Pods-TheSelectorTests-checkManifestLockResult.txt",
			);
			runOnlyForDeploymentPostprocessing = 0;
			shellPath = /bin/sh;
			shellScript = "diff \"${PODS_PODFILE_DIR_PATH}/Podfile.lock\" \"${PODS_ROOT}/Manifest.lock\" > /dev/null\nif [ $? != 0 ] ; then\n    # print error to STDERR\n    echo \"error: The sandbox is not in sync with the Podfile.lock. Run 'pod install' or update your CocoaPods installation.\" >&2\n    exit 1\nfi\n# This output is used by Xcode 'outputs' to avoid re-running this script phase.\necho \"SUCCESS\" > \"${SCRIPT_OUTPUT_FILE_0}\"\n";
			showEnvVarsInLog = 0;
		};
		5774DAC515A97987A865EF64 /* [CP] Embed Pods Frameworks */ = {
			isa = PBXShellScriptBuildPhase;
			buildActionMask = 2147483647;
			files = (
			);
			inputFileListPaths = (
				"${PODS_ROOT}/Target Support Files/Pods-TheSelector-TheSelectorUITests/Pods-TheSelector-TheSelectorUITests-frameworks-${CONFIGURATION}-input-files.xcfilelist",
			);
			name = "[CP] Embed Pods Frameworks";
			outputFileListPaths = (
				"${PODS_ROOT}/Target Support Files/Pods-TheSelector-TheSelectorUITests/Pods-TheSelector-TheSelectorUITests-frameworks-${CONFIGURATION}-output-files.xcfilelist",
			);
			runOnlyForDeploymentPostprocessing = 0;
			shellPath = /bin/sh;
			shellScript = "\"${PODS_ROOT}/Target Support Files/Pods-TheSelector-TheSelectorUITests/Pods-TheSelector-TheSelectorUITests-frameworks.sh\"\n";
			showEnvVarsInLog = 0;
		};
		6F8976195988961806C5A630 /* [CP] Check Pods Manifest.lock */ = {
			isa = PBXShellScriptBuildPhase;
			buildActionMask = 2147483647;
			files = (
			);
			inputFileListPaths = (
			);
			inputPaths = (
				"${PODS_PODFILE_DIR_PATH}/Podfile.lock",
				"${PODS_ROOT}/Manifest.lock",
			);
			name = "[CP] Check Pods Manifest.lock";
			outputFileListPaths = (
			);
			outputPaths = (
				"$(DERIVED_FILE_DIR)/Pods-TheSelector-checkManifestLockResult.txt",
			);
			runOnlyForDeploymentPostprocessing = 0;
			shellPath = /bin/sh;
			shellScript = "diff \"${PODS_PODFILE_DIR_PATH}/Podfile.lock\" \"${PODS_ROOT}/Manifest.lock\" > /dev/null\nif [ $? != 0 ] ; then\n    # print error to STDERR\n    echo \"error: The sandbox is not in sync with the Podfile.lock. Run 'pod install' or update your CocoaPods installation.\" >&2\n    exit 1\nfi\n# This output is used by Xcode 'outputs' to avoid re-running this script phase.\necho \"SUCCESS\" > \"${SCRIPT_OUTPUT_FILE_0}\"\n";
			showEnvVarsInLog = 0;
		};
		82AFDB54686F9C6D78F90128 /* [CP] Check Pods Manifest.lock */ = {
			isa = PBXShellScriptBuildPhase;
			buildActionMask = 2147483647;
			files = (
			);
			inputFileListPaths = (
			);
			inputPaths = (
				"${PODS_PODFILE_DIR_PATH}/Podfile.lock",
				"${PODS_ROOT}/Manifest.lock",
			);
			name = "[CP] Check Pods Manifest.lock";
			outputFileListPaths = (
			);
			outputPaths = (
				"$(DERIVED_FILE_DIR)/Pods-TheSelector-TheSelectorUITests-checkManifestLockResult.txt",
			);
			runOnlyForDeploymentPostprocessing = 0;
			shellPath = /bin/sh;
			shellScript = "diff \"${PODS_PODFILE_DIR_PATH}/Podfile.lock\" \"${PODS_ROOT}/Manifest.lock\" > /dev/null\nif [ $? != 0 ] ; then\n    # print error to STDERR\n    echo \"error: The sandbox is not in sync with the Podfile.lock. Run 'pod install' or update your CocoaPods installation.\" >&2\n    exit 1\nfi\n# This output is used by Xcode 'outputs' to avoid re-running this script phase.\necho \"SUCCESS\" > \"${SCRIPT_OUTPUT_FILE_0}\"\n";
			showEnvVarsInLog = 0;
		};
		EC524E33C9FC622FBED3DD02 /* [CP] Embed Pods Frameworks */ = {
			isa = PBXShellScriptBuildPhase;
			buildActionMask = 2147483647;
			files = (
			);
			inputFileListPaths = (
				"${PODS_ROOT}/Target Support Files/Pods-TheSelector/Pods-TheSelector-frameworks-${CONFIGURATION}-input-files.xcfilelist",
			);
			name = "[CP] Embed Pods Frameworks";
			outputFileListPaths = (
				"${PODS_ROOT}/Target Support Files/Pods-TheSelector/Pods-TheSelector-frameworks-${CONFIGURATION}-output-files.xcfilelist",
			);
			runOnlyForDeploymentPostprocessing = 0;
			shellPath = /bin/sh;
			shellScript = "\"${PODS_ROOT}/Target Support Files/Pods-TheSelector/Pods-TheSelector-frameworks.sh\"\n";
			showEnvVarsInLog = 0;
		};
/* End PBXShellScriptBuildPhase section */

/* Begin PBXSourcesBuildPhase section */
		9D44BDC4250B8A200015A26B /* Sources */ = {
			isa = PBXSourcesBuildPhase;
			buildActionMask = 2147483647;
			files = (
				9D44BDCC250B8A200015A26B /* AppDelegate.swift in Sources */,
				18F172AE250C86890090FDCC /* PaddingLabel.swift in Sources */,
				9D44BDCE250B8A200015A26B /* SceneDelegate.swift in Sources */,
				18F172A8250C680E0090FDCC /* HomeViewController.swift in Sources */,
				18F172AA250C687F0090FDCC /* HomeViewModel.swift in Sources */,
				18F172AC250C6D190090FDCC /* TextTableViewCell.swift in Sources */,
			);
			runOnlyForDeploymentPostprocessing = 0;
		};
		9D44BDDA250B8A230015A26B /* Sources */ = {
			isa = PBXSourcesBuildPhase;
			buildActionMask = 2147483647;
			files = (
				9D44BDE3250B8A230015A26B /* TheSelectorTests.swift in Sources */,
			);
			runOnlyForDeploymentPostprocessing = 0;
		};
		9D44BDE5250B8A230015A26B /* Sources */ = {
			isa = PBXSourcesBuildPhase;
			buildActionMask = 2147483647;
			files = (
				9D44BDEE250B8A230015A26B /* TheSelectorUITests.swift in Sources */,
			);
			runOnlyForDeploymentPostprocessing = 0;
		};
/* End PBXSourcesBuildPhase section */

/* Begin PBXTargetDependency section */
		9D44BDE0250B8A230015A26B /* PBXTargetDependency */ = {
			isa = PBXTargetDependency;
			target = 9D44BDC7250B8A200015A26B /* TheSelector */;
			targetProxy = 9D44BDDF250B8A230015A26B /* PBXContainerItemProxy */;
		};
		9D44BDEB250B8A230015A26B /* PBXTargetDependency */ = {
			isa = PBXTargetDependency;
			target = 9D44BDC7250B8A200015A26B /* TheSelector */;
			targetProxy = 9D44BDEA250B8A230015A26B /* PBXContainerItemProxy */;
		};
/* End PBXTargetDependency section */

/* Begin PBXVariantGroup section */
		9D44BDD1250B8A200015A26B /* Main.storyboard */ = {
			isa = PBXVariantGroup;
			children = (
				9D44BDD2250B8A200015A26B /* Base */,
			);
			name = Main.storyboard;
			sourceTree = "<group>";
		};
		9D44BDD6250B8A230015A26B /* LaunchScreen.storyboard */ = {
			isa = PBXVariantGroup;
			children = (
				9D44BDD7250B8A230015A26B /* Base */,
			);
			name = LaunchScreen.storyboard;
			sourceTree = "<group>";
		};
/* End PBXVariantGroup section */

/* Begin XCBuildConfiguration section */
		9D44BDF0250B8A230015A26B /* Debug */ = {
			isa = XCBuildConfiguration;
			buildSettings = {
				ALWAYS_SEARCH_USER_PATHS = NO;
				CLANG_ANALYZER_NONNULL = YES;
				CLANG_ANALYZER_NUMBER_OBJECT_CONVERSION = YES_AGGRESSIVE;
				CLANG_CXX_LANGUAGE_STANDARD = "gnu++14";
				CLANG_CXX_LIBRARY = "libc++";
				CLANG_ENABLE_MODULES = YES;
				CLANG_ENABLE_OBJC_ARC = YES;
				CLANG_ENABLE_OBJC_WEAK = YES;
				CLANG_WARN_BLOCK_CAPTURE_AUTORELEASING = YES;
				CLANG_WARN_BOOL_CONVERSION = YES;
				CLANG_WARN_COMMA = YES;
				CLANG_WARN_CONSTANT_CONVERSION = YES;
				CLANG_WARN_DEPRECATED_OBJC_IMPLEMENTATIONS = YES;
				CLANG_WARN_DIRECT_OBJC_ISA_USAGE = YES_ERROR;
				CLANG_WARN_DOCUMENTATION_COMMENTS = YES;
				CLANG_WARN_EMPTY_BODY = YES;
				CLANG_WARN_ENUM_CONVERSION = YES;
				CLANG_WARN_INFINITE_RECURSION = YES;
				CLANG_WARN_INT_CONVERSION = YES;
				CLANG_WARN_NON_LITERAL_NULL_CONVERSION = YES;
				CLANG_WARN_OBJC_IMPLICIT_RETAIN_SELF = YES;
				CLANG_WARN_OBJC_LITERAL_CONVERSION = YES;
				CLANG_WARN_OBJC_ROOT_CLASS = YES_ERROR;
				CLANG_WARN_RANGE_LOOP_ANALYSIS = YES;
				CLANG_WARN_STRICT_PROTOTYPES = YES;
				CLANG_WARN_SUSPICIOUS_MOVE = YES;
				CLANG_WARN_UNGUARDED_AVAILABILITY = YES_AGGRESSIVE;
				CLANG_WARN_UNREACHABLE_CODE = YES;
				CLANG_WARN__DUPLICATE_METHOD_MATCH = YES;
				COPY_PHASE_STRIP = NO;
				DEBUG_INFORMATION_FORMAT = dwarf;
				ENABLE_STRICT_OBJC_MSGSEND = YES;
				ENABLE_TESTABILITY = YES;
				GCC_C_LANGUAGE_STANDARD = gnu11;
				GCC_DYNAMIC_NO_PIC = NO;
				GCC_NO_COMMON_BLOCKS = YES;
				GCC_OPTIMIZATION_LEVEL = 0;
				GCC_PREPROCESSOR_DEFINITIONS = (
					"DEBUG=1",
					"$(inherited)",
				);
				GCC_WARN_64_TO_32_BIT_CONVERSION = YES;
				GCC_WARN_ABOUT_RETURN_TYPE = YES_ERROR;
				GCC_WARN_UNDECLARED_SELECTOR = YES;
				GCC_WARN_UNINITIALIZED_AUTOS = YES_AGGRESSIVE;
				GCC_WARN_UNUSED_FUNCTION = YES;
				GCC_WARN_UNUSED_VARIABLE = YES;
				IPHONEOS_DEPLOYMENT_TARGET = 13.7;
				MTL_ENABLE_DEBUG_INFO = INCLUDE_SOURCE;
				MTL_FAST_MATH = YES;
				ONLY_ACTIVE_ARCH = YES;
				SDKROOT = iphoneos;
				SWIFT_ACTIVE_COMPILATION_CONDITIONS = DEBUG;
				SWIFT_OPTIMIZATION_LEVEL = "-Onone";
			};
			name = Debug;
		};
		9D44BDF1250B8A230015A26B /* Release */ = {
			isa = XCBuildConfiguration;
			buildSettings = {
				ALWAYS_SEARCH_USER_PATHS = NO;
				CLANG_ANALYZER_NONNULL = YES;
				CLANG_ANALYZER_NUMBER_OBJECT_CONVERSION = YES_AGGRESSIVE;
				CLANG_CXX_LANGUAGE_STANDARD = "gnu++14";
				CLANG_CXX_LIBRARY = "libc++";
				CLANG_ENABLE_MODULES = YES;
				CLANG_ENABLE_OBJC_ARC = YES;
				CLANG_ENABLE_OBJC_WEAK = YES;
				CLANG_WARN_BLOCK_CAPTURE_AUTORELEASING = YES;
				CLANG_WARN_BOOL_CONVERSION = YES;
				CLANG_WARN_COMMA = YES;
				CLANG_WARN_CONSTANT_CONVERSION = YES;
				CLANG_WARN_DEPRECATED_OBJC_IMPLEMENTATIONS = YES;
				CLANG_WARN_DIRECT_OBJC_ISA_USAGE = YES_ERROR;
				CLANG_WARN_DOCUMENTATION_COMMENTS = YES;
				CLANG_WARN_EMPTY_BODY = YES;
				CLANG_WARN_ENUM_CONVERSION = YES;
				CLANG_WARN_INFINITE_RECURSION = YES;
				CLANG_WARN_INT_CONVERSION = YES;
				CLANG_WARN_NON_LITERAL_NULL_CONVERSION = YES;
				CLANG_WARN_OBJC_IMPLICIT_RETAIN_SELF = YES;
				CLANG_WARN_OBJC_LITERAL_CONVERSION = YES;
				CLANG_WARN_OBJC_ROOT_CLASS = YES_ERROR;
				CLANG_WARN_RANGE_LOOP_ANALYSIS = YES;
				CLANG_WARN_STRICT_PROTOTYPES = YES;
				CLANG_WARN_SUSPICIOUS_MOVE = YES;
				CLANG_WARN_UNGUARDED_AVAILABILITY = YES_AGGRESSIVE;
				CLANG_WARN_UNREACHABLE_CODE = YES;
				CLANG_WARN__DUPLICATE_METHOD_MATCH = YES;
				COPY_PHASE_STRIP = NO;
				DEBUG_INFORMATION_FORMAT = "dwarf-with-dsym";
				ENABLE_NS_ASSERTIONS = NO;
				ENABLE_STRICT_OBJC_MSGSEND = YES;
				GCC_C_LANGUAGE_STANDARD = gnu11;
				GCC_NO_COMMON_BLOCKS = YES;
				GCC_WARN_64_TO_32_BIT_CONVERSION = YES;
				GCC_WARN_ABOUT_RETURN_TYPE = YES_ERROR;
				GCC_WARN_UNDECLARED_SELECTOR = YES;
				GCC_WARN_UNINITIALIZED_AUTOS = YES_AGGRESSIVE;
				GCC_WARN_UNUSED_FUNCTION = YES;
				GCC_WARN_UNUSED_VARIABLE = YES;
				IPHONEOS_DEPLOYMENT_TARGET = 13.7;
				MTL_ENABLE_DEBUG_INFO = NO;
				MTL_FAST_MATH = YES;
				SDKROOT = iphoneos;
				SWIFT_COMPILATION_MODE = wholemodule;
				SWIFT_OPTIMIZATION_LEVEL = "-O";
				VALIDATE_PRODUCT = YES;
			};
			name = Release;
		};
		9D44BDF3250B8A230015A26B /* Debug */ = {
			isa = XCBuildConfiguration;
			baseConfigurationReference = 70FE54D0169DE27849B4A52C /* Pods-TheSelector.debug.xcconfig */;
			buildSettings = {
				ASSETCATALOG_COMPILER_APPICON_NAME = AppIcon;
				CODE_SIGN_STYLE = Automatic;
				DEVELOPMENT_TEAM = 3P3J8AFD59;
				INFOPLIST_FILE = TheSelector/Info.plist;
				IPHONEOS_DEPLOYMENT_TARGET = 10.0;
				LD_RUNPATH_SEARCH_PATHS = (
					"$(inherited)",
					"@executable_path/Frameworks",
				);
				PRODUCT_BUNDLE_IDENTIFIER = "com.Qaptive-Tech.TheSelector";
				PRODUCT_NAME = "$(TARGET_NAME)";
				SWIFT_VERSION = 5.0;
				TARGETED_DEVICE_FAMILY = "1,2";
			};
			name = Debug;
		};
		9D44BDF4250B8A230015A26B /* Release */ = {
			isa = XCBuildConfiguration;
			baseConfigurationReference = 4888DB4D9DFEB8A67352DCF7 /* Pods-TheSelector.release.xcconfig */;
			buildSettings = {
				ASSETCATALOG_COMPILER_APPICON_NAME = AppIcon;
				CODE_SIGN_STYLE = Automatic;
				DEVELOPMENT_TEAM = 3P3J8AFD59;
				INFOPLIST_FILE = TheSelector/Info.plist;
				IPHONEOS_DEPLOYMENT_TARGET = 10.0;
				LD_RUNPATH_SEARCH_PATHS = (
					"$(inherited)",
					"@executable_path/Frameworks",
				);
				PRODUCT_BUNDLE_IDENTIFIER = "com.Qaptive-Tech.TheSelector";
				PRODUCT_NAME = "$(TARGET_NAME)";
				SWIFT_VERSION = 5.0;
				TARGETED_DEVICE_FAMILY = "1,2";
			};
			name = Release;
		};
		9D44BDF6250B8A230015A26B /* Debug */ = {
			isa = XCBuildConfiguration;
			baseConfigurationReference = FCF98F104F1BFFDBFFCE0AC2 /* Pods-TheSelectorTests.debug.xcconfig */;
			buildSettings = {
				ALWAYS_EMBED_SWIFT_STANDARD_LIBRARIES = YES;
				BUNDLE_LOADER = "$(TEST_HOST)";
				CODE_SIGN_STYLE = Automatic;
				DEVELOPMENT_TEAM = 3P3J8AFD59;
				INFOPLIST_FILE = TheSelectorTests/Info.plist;
				IPHONEOS_DEPLOYMENT_TARGET = 13.7;
				LD_RUNPATH_SEARCH_PATHS = (
					"$(inherited)",
					"@executable_path/Frameworks",
					"@loader_path/Frameworks",
				);
				PRODUCT_BUNDLE_IDENTIFIER = "com.Qaptive-Tech.TheSelectorTests";
				PRODUCT_NAME = "$(TARGET_NAME)";
				SWIFT_VERSION = 5.0;
				TARGETED_DEVICE_FAMILY = "1,2";
				TEST_HOST = "$(BUILT_PRODUCTS_DIR)/TheSelector.app/TheSelector";
			};
			name = Debug;
		};
		9D44BDF7250B8A230015A26B /* Release */ = {
			isa = XCBuildConfiguration;
			baseConfigurationReference = 03DFB25F5E1962D356F90401 /* Pods-TheSelectorTests.release.xcconfig */;
			buildSettings = {
				ALWAYS_EMBED_SWIFT_STANDARD_LIBRARIES = YES;
				BUNDLE_LOADER = "$(TEST_HOST)";
				CODE_SIGN_STYLE = Automatic;
				DEVELOPMENT_TEAM = 3P3J8AFD59;
				INFOPLIST_FILE = TheSelectorTests/Info.plist;
				IPHONEOS_DEPLOYMENT_TARGET = 13.7;
				LD_RUNPATH_SEARCH_PATHS = (
					"$(inherited)",
					"@executable_path/Frameworks",
					"@loader_path/Frameworks",
				);
				PRODUCT_BUNDLE_IDENTIFIER = "com.Qaptive-Tech.TheSelectorTests";
				PRODUCT_NAME = "$(TARGET_NAME)";
				SWIFT_VERSION = 5.0;
				TARGETED_DEVICE_FAMILY = "1,2";
				TEST_HOST = "$(BUILT_PRODUCTS_DIR)/TheSelector.app/TheSelector";
			};
			name = Release;
		};
		9D44BDF9250B8A230015A26B /* Debug */ = {
			isa = XCBuildConfiguration;
			baseConfigurationReference = FACF1420B79AC34FB8E624A2 /* Pods-TheSelector-TheSelectorUITests.debug.xcconfig */;
			buildSettings = {
				ALWAYS_EMBED_SWIFT_STANDARD_LIBRARIES = YES;
				CODE_SIGN_STYLE = Automatic;
				DEVELOPMENT_TEAM = 3P3J8AFD59;
				INFOPLIST_FILE = TheSelectorUITests/Info.plist;
				LD_RUNPATH_SEARCH_PATHS = (
					"$(inherited)",
					"@executable_path/Frameworks",
					"@loader_path/Frameworks",
				);
				PRODUCT_BUNDLE_IDENTIFIER = "com.Qaptive-Tech.TheSelectorUITests";
				PRODUCT_NAME = "$(TARGET_NAME)";
				SWIFT_VERSION = 5.0;
				TARGETED_DEVICE_FAMILY = "1,2";
				TEST_TARGET_NAME = TheSelector;
			};
			name = Debug;
		};
		9D44BDFA250B8A230015A26B /* Release */ = {
			isa = XCBuildConfiguration;
			baseConfigurationReference = 314969BD2317634082FC8FFE /* Pods-TheSelector-TheSelectorUITests.release.xcconfig */;
			buildSettings = {
				ALWAYS_EMBED_SWIFT_STANDARD_LIBRARIES = YES;
				CODE_SIGN_STYLE = Automatic;
				DEVELOPMENT_TEAM = 3P3J8AFD59;
				INFOPLIST_FILE = TheSelectorUITests/Info.plist;
				LD_RUNPATH_SEARCH_PATHS = (
					"$(inherited)",
					"@executable_path/Frameworks",
					"@loader_path/Frameworks",
				);
				PRODUCT_BUNDLE_IDENTIFIER = "com.Qaptive-Tech.TheSelectorUITests";
				PRODUCT_NAME = "$(TARGET_NAME)";
				SWIFT_VERSION = 5.0;
				TARGETED_DEVICE_FAMILY = "1,2";
				TEST_TARGET_NAME = TheSelector;
			};
			name = Release;
		};
/* End XCBuildConfiguration section */

/* Begin XCConfigurationList section */
		9D44BDC3250B8A200015A26B /* Build configuration list for PBXProject "TheSelector" */ = {
			isa = XCConfigurationList;
			buildConfigurations = (
				9D44BDF0250B8A230015A26B /* Debug */,
				9D44BDF1250B8A230015A26B /* Release */,
			);
			defaultConfigurationIsVisible = 0;
			defaultConfigurationName = Release;
		};
		9D44BDF2250B8A230015A26B /* Build configuration list for PBXNativeTarget "TheSelector" */ = {
			isa = XCConfigurationList;
			buildConfigurations = (
				9D44BDF3250B8A230015A26B /* Debug */,
				9D44BDF4250B8A230015A26B /* Release */,
			);
			defaultConfigurationIsVisible = 0;
			defaultConfigurationName = Release;
		};
		9D44BDF5250B8A230015A26B /* Build configuration list for PBXNativeTarget "TheSelectorTests" */ = {
			isa = XCConfigurationList;
			buildConfigurations = (
				9D44BDF6250B8A230015A26B /* Debug */,
				9D44BDF7250B8A230015A26B /* Release */,
			);
			defaultConfigurationIsVisible = 0;
			defaultConfigurationName = Release;
		};
		9D44BDF8250B8A230015A26B /* Build configuration list for PBXNativeTarget "TheSelectorUITests" */ = {
			isa = XCConfigurationList;
			buildConfigurations = (
				9D44BDF9250B8A230015A26B /* Debug */,
				9D44BDFA250B8A230015A26B /* Release */,
			);
			defaultConfigurationIsVisible = 0;
			defaultConfigurationName = Release;
		};
/* End XCConfigurationList section */
	};
	rootObject = 9D44BDC0250B8A200015A26B /* Project object */;
}
